
Microsoft Visual Studio Solution File, Format Version 12.00
# Visual Studio Version 16
VisualStudioVersion = 16.0.29509.3
MinimumVisualStudioVersion = 10.0.40219.1
Project("{FAE04EC0-301F-11D3-BF4B-00C04F79EFBC}") = "01.Prototype", "01.Prototype\01.Prototype.csproj", "{21E1A6A1-AA8A-4C00-9D2E-4CE1A1D6202E}"
EndProject
Project("{FAE04EC0-301F-11D3-BF4B-00C04F79EFBC}") = "02.Composite", "02.Composite\02.Composite.csproj", "{9A68A5CA-60E2-47CA-8453-1EC983841D56}"
EndProject
Project("{FAE04EC0-301F-11D3-BF4B-00C04F79EFBC}") = "03.TemplatePattern", "03.TemplatePattern\03.TemplatePattern.csproj", "{AF04AB1C-0426-4B32-A1B6-8BBD06B90AA6}"
EndProject
Global
	GlobalSection(SolutionConfigurationPlatforms) = preSolution
		Debug|Any CPU = Debug|Any CPU
		Release|Any CPU = Release|Any CPU
	EndGlobalSection
	GlobalSection(ProjectConfigurationPlatforms) = postSolution
		{21E1A6A1-AA8A-4C00-9D2E-4CE1A1D6202E}.Debug|Any CPU.ActiveCfg = Debug|Any CPU
		{21E1A6A1-AA8A-4C00-9D2E-4CE1A1D6202E}.Debug|Any CPU.Build.0 = Debug|Any CPU
		{21E1A6A1-AA8A-4C00-9D2E-4CE1A1D6202E}.Release|Any CPU.ActiveCfg = Release|Any CPU
		{21E1A6A1-AA8A-4C00-9D2E-4CE1A1D6202E}.Release|Any CPU.Build.0 = Release|Any CPU
		{9A68A5CA-60E2-47CA-8453-1EC983841D56}.Debug|Any CPU.ActiveCfg = Debug|Any CPU
		{9A68A5CA-60E2-47CA-8453-1EC983841D56}.Debug|Any CPU.Build.0 = Debug|Any CPU
		{9A68A5CA-60E2-47CA-8453-1EC983841D56}.Release|Any CPU.ActiveCfg = Release|Any CPU
		{9A68A5CA-60E2-47CA-8453-1EC983841D56}.Release|Any CPU.Build.0 = Release|Any CPU
		{AF04AB1C-0426-4B32-A1B6-8BBD06B90AA6}.Debug|Any CPU.ActiveCfg = Debug|Any CPU
		{AF04AB1C-0426-4B32-A1B6-8BBD06B90AA6}.Debug|Any CPU.Build.0 = Debug|Any CPU
		{AF04AB1C-0426-4B32-A1B6-8BBD06B90AA6}.Release|Any CPU.ActiveCfg = Release|Any CPU
		{AF04AB1C-0426-4B32-A1B6-8BBD06B90AA6}.Release|Any CPU.Build.0 = Release|Any CPU
	EndGlobalSection
	GlobalSection(SolutionProperties) = preSolution
		HideSolutionNode = FALSE
	EndGlobalSection
	GlobalSection(ExtensibilityGlobals) = postSolution
		SolutionGuid = {1DF69B84-C0F0-4E68-8BD9-E1EFBF12D5E6}
	EndGlobalSection
EndGlobal
