
Microsoft Visual Studio Solution File, Format Version 12.00
# Visual Studio Version 16
VisualStudioVersion = 16.0.29411.108
MinimumVisualStudioVersion = 10.0.40219.1
Project("{FAE04EC0-301F-11D3-BF4B-00C04F79EFBC}") = "01. Initial Setup", "01. Initial Setup\01. Initial Setup.csproj", "{AFA485B1-0FD0-4DE3-8569-9401AFE26235}"
EndProject
Global
	GlobalSection(SolutionConfigurationPlatforms) = preSolution
		Debug|Any CPU = Debug|Any CPU
		Release|Any CPU = Release|Any CPU
	EndGlobalSection
	GlobalSection(ProjectConfigurationPlatforms) = postSolution
		{AFA485B1-0FD0-4DE3-8569-9401AFE26235}.Debug|Any CPU.ActiveCfg = Debug|Any CPU
		{AFA485B1-0FD0-4DE3-8569-9401AFE26235}.Debug|Any CPU.Build.0 = Debug|Any CPU
		{AFA485B1-0FD0-4DE3-8569-9401AFE26235}.Release|Any CPU.ActiveCfg = Release|Any CPU
		{AFA485B1-0FD0-4DE3-8569-9401AFE26235}.Release|Any CPU.Build.0 = Release|Any CPU
	EndGlobalSection
	GlobalSection(SolutionProperties) = preSolution
		HideSolutionNode = FALSE
	EndGlobalSection
	GlobalSection(ExtensibilityGlobals) = postSolution
		SolutionGuid = {069CF022-C17D-4058-803E-2BE1552BF4B1}
	EndGlobalSection
EndGlobal
